
Microsoft Visual Studio Solution File, Format Version 12.00
# Visual Studio Version 17
VisualStudioVersion = 17.14.37027.9 d17.14
MinimumVisualStudioVersion = 10.0.40219.1
Project("{FAE04EC0-301F-11D3-BF4B-00C04F79EFBC}") = "API_belosludtseva", "API_belosludtseva\API_belosludtseva.csproj", "{8BB23721-1268-4DF9-AEAC-534024541510}"
EndProject
Global
	GlobalSection(SolutionConfigurationPlatforms) = preSolution
		Debug|Any CPU = Debug|Any CPU
		Release|Any CPU = Release|Any CPU
	EndGlobalSection
	GlobalSection(ProjectConfigurationPlatforms) = postSolution
		{8BB23721-1268-4DF9-AEAC-534024541510}.Debug|Any CPU.ActiveCfg = Debug|Any CPU
		{8BB23721-1268-4DF9-AEAC-534024541510}.Debug|Any CPU.Build.0 = Debug|Any CPU
		{8BB23721-1268-4DF9-AEAC-534024541510}.Release|Any CPU.ActiveCfg = Release|Any CPU
		{8BB23721-1268-4DF9-AEAC-534024541510}.Release|Any CPU.Build.0 = Release|Any CPU
	EndGlobalSection
	GlobalSection(SolutionProperties) = preSolution
		HideSolutionNode = FALSE
	EndGlobalSection
	GlobalSection(ExtensibilityGlobals) = postSolution
		SolutionGuid = {4150C72E-78B5-4FC3-A599-F748607BF6C5}
	EndGlobalSection
EndGlobal
